# This file is automatically @generated by Cargo.
# It is not intended for manual editing.
version = 4

[[package]]
name = "adler2"
version = "2.0.0"
source = "registry+https://github.com/rust-lang/crates.io-index"
checksum = "512761e0bb2578dd7380c6baaa0f4ce03e84f95e960231d1dec8bf4d7d6e2627"

[[package]]
name = "adler32"
version = "1.2.0"
source = "registry+https://github.com/rust-lang/crates.io-index"
checksum = "aae1277d39aeec15cb388266ecc24b11c80469deae6067e17a1a7aa9e5c1f234"

[[package]]
name = "ahash"
version = "0.8.11"
source = "registry+https://github.com/rust-lang/crates.io-index"
checksum = "e89da841a80418a9b391ebaea17f5c112ffaaa96f621d2c285b5174da76b9011"
dependencies = [
 "cfg-if",
 "getrandom",
 "once_cell",
 "version_check",
 "zerocopy",
]

[[package]]
name = "aho-corasick"
version = "1.1.3"
source = "registry+https://github.com/rust-lang/crates.io-index"
checksum = "8e60d3430d3a69478ad0993f19238d2df97c507009a52b3c10addcd7f6bcb916"
dependencies = [
 "memchr",
]

[[package]]
name = "android-tzdata"
version = "0.1.1"
source = "registry+https://github.com/rust-lang/crates.io-index"
checksum = "e999941b234f3131b00bc13c22d06e8c5ff726d1b6318ac7eb276997bbb4fef0"

[[package]]
name = "android_system_properties"
version = "0.1.5"
source = "registry+https://github.com/rust-lang/crates.io-index"
checksum = "819e7219dbd41043ac279b19830f2efc897156490d7fd6ea916720117ee66311"
dependencies = [
 "libc",
]

[[package]]
name = "async-trait"
version = "0.1.88"
source = "registry+https://github.com/rust-lang/crates.io-index"
checksum = "e539d3fca749fcee5236ab05e93a52867dd549cc157c8cb7f99595f3cedffdb5"
dependencies = [
 "proc-macro2",
 "quote",
 "syn 2.0.60",
]

[[package]]
name = "atomic_float"
version = "1.0.0"
source = "registry+https://github.com/rust-lang/crates.io-index"
checksum = "3c4b08ed8a30ff7320117c190eb4d73d47f0ac0c930ab853b8224cef7cd9a5e7"

[[package]]
name = "attribute-derive"
version = "0.6.1"
source = "registry+https://github.com/rust-lang/crates.io-index"
checksum = "c124f12ade4e670107b132722d0ad1a5c9790bcbc1b265336369ea05626b4498"
dependencies = [
 "attribute-derive-macro",
 "proc-macro2",
 "quote",
 "syn 2.0.60",
]

[[package]]
name = "attribute-derive-macro"
version = "0.6.1"
source = "registry+https://github.com/rust-lang/crates.io-index"
checksum = "8b217a07446e0fb086f83401a98297e2d81492122f5874db5391bd270a185f88"
dependencies = [
 "collection_literals",
 "interpolator",
 "proc-macro-error",
 "proc-macro-utils",
 "proc-macro2",
 "quote",
 "quote-use",
 "syn 2.0.60",
]

[[package]]
name = "autocfg"
version = "1.3.0"
source = "registry+https://github.com/rust-lang/crates.io-index"
checksum = "0c4b4d0bd25bd0b74681c0ad21497610ce1b7c91b1022cd21c80c6fbdd9476b0"

[[package]]
name = "bindgen"
version = "0.71.1"
source = "registry+https://github.com/rust-lang/crates.io-index"
checksum = "5f58bf3d7db68cfbac37cfc485a8d711e87e064c3d0fe0435b92f7a407f9d6b3"
dependencies = [
 "bitflags 2.5.0",
 "cexpr",
 "clang-sys",
 "itertools",
 "log",
 "prettyplease",
 "proc-macro2",
 "quote",
 "regex",
 "rustc-hash",
 "shlex",
 "syn 2.0.60",
]

[[package]]
name = "bitflags"
version = "1.3.2"
source = "registry+https://github.com/rust-lang/crates.io-index"
checksum = "bef38d45163c2f1dde094a7dfd33ccf595c92905c8f8f4fdc18d06fb1037718a"

[[package]]
name = "bitflags"
version = "2.5.0"
source = "registry+https://github.com/rust-lang/crates.io-index"
checksum = "cf4b9d6a944f767f8e5e0db018570623c85f3d925ac718db4e06d0187adb21c1"

[[package]]
name = "builtins-proc-macro"
version = "0.0.0"
source = "git+https://github.com/SpaceManiac/SpacemanDMM?rev=6c5a751516ae0e8add4b2aa4388a1e84e96e7082#6c5a751516ae0e8add4b2aa4388a1e84e96e7082"
dependencies = [
 "proc-macro2",
 "quote",
 "syn 1.0.109",
]

[[package]]
name = "bumpalo"
version = "3.16.0"
source = "registry+https://github.com/rust-lang/crates.io-index"
checksum = "79296716171880943b8470b5f8d03aa55eb2e645a4874bdbb28adb49162e012c"

[[package]]
name = "byondapi"
version = "0.5.14"
source = "git+https://github.com/spacestation13/byondapi-rs.git#299384dd1f7ceadd9759fe205de02a629193bf79"
dependencies = [
 "byondapi-macros",
 "byondapi-sys",
 "inventory",
 "libloading",
 "num_enum",
]

[[package]]
name = "byondapi-macros"
version = "0.2.3"
source = "git+https://github.com/spacestation13/byondapi-rs.git#299384dd1f7ceadd9759fe205de02a629193bf79"
dependencies = [
 "proc-macro2",
 "quote",
 "syn 2.0.60",
]

[[package]]
name = "byondapi-sys"
version = "0.12.3"
source = "git+https://github.com/spacestation13/byondapi-rs.git#299384dd1f7ceadd9759fe205de02a629193bf79"
dependencies = [
 "bindgen",
 "doxygen-rs",
 "libloading",
]

[[package]]
name = "bytemuck"
version = "1.18.0"
source = "registry+https://github.com/rust-lang/crates.io-index"
checksum = "94bbb0ad554ad961ddc5da507a12a29b14e4ae5bda06b19f575a3e6079d2e2ae"
dependencies = [
 "bytemuck_derive",
]

[[package]]
name = "bytemuck_derive"
version = "1.7.1"
source = "registry+https://github.com/rust-lang/crates.io-index"
checksum = "0cc8b54b395f2fcfbb3d90c47b01c7f444d94d05bdeb775811dec868ac3bbc26"
dependencies = [
 "proc-macro2",
 "quote",
 "syn 2.0.60",
]

[[package]]
name = "byteorder"
version = "1.5.0"
source = "registry+https://github.com/rust-lang/crates.io-index"
checksum = "1fd0f2584146f6f2ef48085050886acf353beff7305ebd1ae69500e27c67f64b"

[[package]]
name = "bytes"
version = "1.10.1"
source = "registry+https://github.com/rust-lang/crates.io-index"
checksum = "d71b6127be86fdcfddb610f7182ac57211d4b18a3e9c82eb2d17662f2227ad6a"

[[package]]
name = "cc"
version = "1.2.6"
source = "registry+https://github.com/rust-lang/crates.io-index"
checksum = "8d6dbb628b8f8555f86d0323c2eb39e3ec81901f4b83e091db8a6a76d316a333"
dependencies = [
 "shlex",
]

[[package]]
name = "cexpr"
version = "0.6.0"
source = "registry+https://github.com/rust-lang/crates.io-index"
checksum = "6fac387a98bb7c37292057cffc56d62ecb629900026402633ae9160df93a8766"
dependencies = [
 "nom",
]

[[package]]
name = "cfg-if"
version = "1.0.0"
source = "registry+https://github.com/rust-lang/crates.io-index"
checksum = "baf1de4339761588bc0619e3cbc0120ee582ebb74b53b4efbf79117bd2da40fd"

[[package]]
name = "chrono"
version = "0.4.39"
source = "registry+https://github.com/rust-lang/crates.io-index"
checksum = "7e36cc9d416881d2e24f9a963be5fb1cd90966419ac844274161d10488b3e825"
dependencies = [
 "android-tzdata",
 "iana-time-zone",
 "js-sys",
 "num-traits",
 "wasm-bindgen",
 "windows-targets",
]

[[package]]
name = "clang-sys"
version = "1.7.0"
source = "registry+https://github.com/rust-lang/crates.io-index"
checksum = "67523a3b4be3ce1989d607a828d036249522dd9c1c8de7f4dd2dae43a37369d1"
dependencies = [
 "glob",
 "libc",
 "libloading",
]

[[package]]
name = "collection_literals"
version = "1.0.1"
source = "registry+https://github.com/rust-lang/crates.io-index"
checksum = "186dce98367766de751c42c4f03970fc60fc012296e706ccbb9d5df9b6c1e271"

[[package]]
name = "color_space"
version = "0.5.4"
source = "registry+https://github.com/rust-lang/crates.io-index"
checksum = "52fdfaf2bee6357023bf7f95b15a8ef0b82759d2bce705cc45efcae9ae10f0ff"

[[package]]
name = "combine"
version = "4.6.7"
source = "registry+https://github.com/rust-lang/crates.io-index"
checksum = "ba5a308b75df32fe02788e748662718f03fde005016435c444eea572398219fd"
dependencies = [
 "bytes",
 "memchr",
]

[[package]]
name = "core-foundation-sys"
version = "0.8.7"
source = "registry+https://github.com/rust-lang/crates.io-index"
checksum = "773648b94d0e5d620f64f280777445740e61fe701025087ec8b57f45c791888b"

[[package]]
name = "crc32fast"
version = "1.4.2"
source = "registry+https://github.com/rust-lang/crates.io-index"
checksum = "a97769d94ddab943e4510d138150169a2758b5ef3eb191a9ee688de3e23ef7b3"
dependencies = [
 "cfg-if",
]

[[package]]
name = "crossbeam-deque"
version = "0.8.6"
source = "registry+https://github.com/rust-lang/crates.io-index"
checksum = "9dd111b7b7f7d55b72c0a6ae361660ee5853c9af73f70c3c2ef6858b950e2e51"
dependencies = [
 "crossbeam-epoch",
 "crossbeam-utils",
]

[[package]]
name = "crossbeam-epoch"
version = "0.9.18"
source = "registry+https://github.com/rust-lang/crates.io-index"
checksum = "5b82ac4a3c2ca9c3460964f020e1402edd5753411d7737aa39c3714ad1b5420e"
dependencies = [
 "crossbeam-utils",
]

[[package]]
name = "crossbeam-utils"
version = "0.8.21"
source = "registry+https://github.com/rust-lang/crates.io-index"
checksum = "d0a5c400df2834b80a4c3327b3aad3a4c4cd4de0629063962b03235697506a28"

[[package]]
name = "dbpnoise"
version = "0.1.2"
source = "registry+https://github.com/rust-lang/crates.io-index"
checksum = "b2a92e2d3660e5513454071018433d22bbdfc8a79b9bcf1b6399aa72e96b8586"
dependencies = [
 "lerp",
 "rand",
 "rand_pcg",
 "rand_seeder",
 "rayon",
]

[[package]]
name = "derivative"
version = "2.2.0"
source = "registry+https://github.com/rust-lang/crates.io-index"
checksum = "fcc3dd5e9e9c0b295d6e1e4d811fb6f157d5ffd784b8d202fc62eac8035a770b"
dependencies = [
 "proc-macro2",
 "quote",
 "syn 1.0.109",
]

[[package]]
name = "derive-where"
version = "1.2.7"
source = "registry+https://github.com/rust-lang/crates.io-index"
checksum = "62d671cc41a825ebabc75757b62d3d168c577f9149b2d49ece1dad1f72119d25"
dependencies = [
 "proc-macro2",
 "quote",
 "syn 2.0.60",
]

[[package]]
name = "diff"
version = "0.1.13"
source = "registry+https://github.com/rust-lang/crates.io-index"
checksum = "56254986775e3233ffa9c4d7d3faaf6d36a2c09d30b20687e9f88bc8bafc16c8"

[[package]]
name = "displaydoc"
version = "0.2.5"
source = "registry+https://github.com/rust-lang/crates.io-index"
checksum = "97369cbbc041bc366949bc74d34658d6cda5621039731c6310521892a3a20ae0"
dependencies = [
 "proc-macro2",
 "quote",
 "syn 2.0.60",
]

[[package]]
name = "dmm-tools"
version = "0.1.0"
source = "git+https://github.com/SpaceManiac/SpacemanDMM?rev=6c5a751516ae0e8add4b2aa4388a1e84e96e7082#6c5a751516ae0e8add4b2aa4388a1e84e96e7082"
dependencies = [
 "ahash",
 "bumpalo",
 "bytemuck",
 "dreammaker",
 "either",
 "indexmap 1.9.3",
 "inflate",
 "lodepng",
 "ndarray",
 "rand",
]

[[package]]
name = "doxygen-rs"
version = "0.4.2"
source = "registry+https://github.com/rust-lang/crates.io-index"
checksum = "415b6ec780d34dcf624666747194393603d0373b7141eef01d12ee58881507d9"
dependencies = [
 "phf",
]

[[package]]
name = "dreammaker"
version = "0.1.0"
source = "git+https://github.com/SpaceManiac/SpacemanDMM?rev=6c5a751516ae0e8add4b2aa4388a1e84e96e7082#6c5a751516ae0e8add4b2aa4388a1e84e96e7082"
dependencies = [
 "ahash",
 "bitflags 1.3.2",
 "builtins-proc-macro",
 "color_space",
 "derivative",
 "get-size",
 "get-size-derive",
 "indexmap 1.9.3",
 "interval-tree",
 "lodepng",
 "ordered-float",
 "phf",
 "serde",
 "serde_derive",
 "termcolor",
 "toml 0.5.11",
]

[[package]]
name = "either"
version = "1.11.0"
source = "registry+https://github.com/rust-lang/crates.io-index"
checksum = "a47c1c47d2f5964e29c61246e81db715514cd532db6b5116a25ea3c03d6780a2"

[[package]]
name = "equivalent"
version = "1.0.1"
source = "registry+https://github.com/rust-lang/crates.io-index"
checksum = "5443807d6dff69373d433ab9ef5378ad8df50ca6298caf15de6e52e24aaf54d5"

[[package]]
name = "eyre"
version = "0.6.12"
source = "registry+https://github.com/rust-lang/crates.io-index"
checksum = "7cd915d99f24784cdc19fd37ef22b97e3ff0ae756c7e492e9fbfe897d61e2aec"
dependencies = [
 "indenter",
 "once_cell",
]

[[package]]
name = "fdeflate"
version = "0.3.7"
source = "registry+https://github.com/rust-lang/crates.io-index"
checksum = "1e6853b52649d4ac5c0bd02320cddc5ba956bdb407c4b75a2c6b75bf51500f8c"
dependencies = [
 "simd-adler32",
]

[[package]]
name = "flate2"
version = "1.0.33"
source = "registry+https://github.com/rust-lang/crates.io-index"
checksum = "324a1be68054ef05ad64b861cc9eaf1d623d2d8cb25b4bf2cb9cdd902b4bf253"
dependencies = [
 "crc32fast",
 "miniz_oxide",
]

[[package]]
name = "flume"
version = "0.10.14"
source = "registry+https://github.com/rust-lang/crates.io-index"
checksum = "1657b4441c3403d9f7b3409e47575237dac27b1b5726df654a6ecbf92f0f7577"
dependencies = [
 "futures-core",
 "futures-sink",
 "nanorand",
 "pin-project",
 "spin",
]

[[package]]
name = "form_urlencoded"
version = "1.2.1"
source = "registry+https://github.com/rust-lang/crates.io-index"
checksum = "e13624c2627564efccf4934284bdd98cbaa14e79b0b5a141218e507b3a823456"
dependencies = [
 "percent-encoding",
]

[[package]]
name = "futures-core"
version = "0.3.31"
source = "registry+https://github.com/rust-lang/crates.io-index"
checksum = "05f29059c0c2090612e8d742178b0580d2dc940c837851ad723096f87af6663e"

[[package]]
name = "futures-sink"
version = "0.3.31"
source = "registry+https://github.com/rust-lang/crates.io-index"
checksum = "e575fab7d1e0dcb8d0c7bcf9a63ee213816ab51902e6d244a95819acacf1d4f7"

[[package]]
name = "fxhash"
version = "0.2.1"
source = "registry+https://github.com/rust-lang/crates.io-index"
checksum = "c31b6d751ae2c7f11320402d34e41349dd1016f8d5d45e48c4312bc8625af50c"
dependencies = [
 "byteorder",
]

[[package]]
name = "get-size"
version = "0.1.4"
source = "registry+https://github.com/rust-lang/crates.io-index"
checksum = "47b61e2dab7eedce93a83ab3468b919873ff16bac5a3e704011ff836d22b2120"

[[package]]
name = "get-size-derive"
version = "0.1.3"
source = "registry+https://github.com/rust-lang/crates.io-index"
checksum = "13a1bcfb855c1f340d5913ab542e36f25a1c56f57de79022928297632435dec2"
dependencies = [
 "attribute-derive",
 "quote",
 "syn 2.0.60",
]

[[package]]
name = "getrandom"
version = "0.2.14"
source = "registry+https://github.com/rust-lang/crates.io-index"
checksum = "94b22e06ecb0110981051723910cbf0b5f5e09a2062dd7663334ee79a9d1286c"
dependencies = [
 "cfg-if",
 "js-sys",
 "libc",
 "wasi",
 "wasm-bindgen",
]

[[package]]
name = "glob"
version = "0.3.1"
source = "registry+https://github.com/rust-lang/crates.io-index"
checksum = "d2fabcfbdc87f4758337ca535fb41a6d701b65693ce38287d856d1674551ec9b"

[[package]]
name = "hashbrown"
version = "0.12.3"
source = "registry+https://github.com/rust-lang/crates.io-index"
checksum = "8a9ee70c43aaf417c914396645a0fa852624801b24ebb7ae78fe8272889ac888"

[[package]]
name = "hashbrown"
version = "0.15.2"
source = "registry+https://github.com/rust-lang/crates.io-index"
checksum = "bf151400ff0baff5465007dd2f3e717f3fe502074ca563069ce3a6629d07b289"

[[package]]
name = "iana-time-zone"
version = "0.1.61"
source = "registry+https://github.com/rust-lang/crates.io-index"
checksum = "235e081f3925a06703c2d0117ea8b91f042756fd6e7a6e5d901e8ca1a996b220"
dependencies = [
 "android_system_properties",
 "core-foundation-sys",
 "iana-time-zone-haiku",
 "js-sys",
 "wasm-bindgen",
 "windows-core",
]

[[package]]
name = "iana-time-zone-haiku"
version = "0.1.2"
source = "registry+https://github.com/rust-lang/crates.io-index"
checksum = "f31827a206f56af32e590ba56d5d2d085f558508192593743f16b2306495269f"
dependencies = [
 "cc",
]

[[package]]
name = "icu_collections"
version = "1.5.0"
source = "registry+https://github.com/rust-lang/crates.io-index"
checksum = "db2fa452206ebee18c4b5c2274dbf1de17008e874b4dc4f0aea9d01ca79e4526"
dependencies = [
 "displaydoc",
 "yoke",
 "zerofrom",
 "zerovec",
]

[[package]]
name = "icu_locid"
version = "1.5.0"
source = "registry+https://github.com/rust-lang/crates.io-index"
checksum = "13acbb8371917fc971be86fc8057c41a64b521c184808a698c02acc242dbf637"
dependencies = [
 "displaydoc",
 "litemap",
 "tinystr",
 "writeable",
 "zerovec",
]

[[package]]
name = "icu_locid_transform"
version = "1.5.0"
source = "registry+https://github.com/rust-lang/crates.io-index"
checksum = "01d11ac35de8e40fdeda00d9e1e9d92525f3f9d887cdd7aa81d727596788b54e"
dependencies = [
 "displaydoc",
 "icu_locid",
 "icu_locid_transform_data",
 "icu_provider",
 "tinystr",
 "zerovec",
]

[[package]]
name = "icu_locid_transform_data"
version = "1.5.0"
source = "registry+https://github.com/rust-lang/crates.io-index"
checksum = "fdc8ff3388f852bede6b579ad4e978ab004f139284d7b28715f773507b946f6e"

[[package]]
name = "icu_normalizer"
version = "1.5.0"
source = "registry+https://github.com/rust-lang/crates.io-index"
checksum = "19ce3e0da2ec68599d193c93d088142efd7f9c5d6fc9b803774855747dc6a84f"
dependencies = [
 "displaydoc",
 "icu_collections",
 "icu_normalizer_data",
 "icu_properties",
 "icu_provider",
 "smallvec",
 "utf16_iter",
 "utf8_iter",
 "write16",
 "zerovec",
]

[[package]]
name = "icu_normalizer_data"
version = "1.5.0"
source = "registry+https://github.com/rust-lang/crates.io-index"
checksum = "f8cafbf7aa791e9b22bec55a167906f9e1215fd475cd22adfcf660e03e989516"

[[package]]
name = "icu_properties"
version = "1.5.1"
source = "registry+https://github.com/rust-lang/crates.io-index"
checksum = "93d6020766cfc6302c15dbbc9c8778c37e62c14427cb7f6e601d849e092aeef5"
dependencies = [
 "displaydoc",
 "icu_collections",
 "icu_locid_transform",
 "icu_properties_data",
 "icu_provider",
 "tinystr",
 "zerovec",
]

[[package]]
name = "icu_properties_data"
version = "1.5.0"
source = "registry+https://github.com/rust-lang/crates.io-index"
checksum = "67a8effbc3dd3e4ba1afa8ad918d5684b8868b3b26500753effea8d2eed19569"

[[package]]
name = "icu_provider"
version = "1.5.0"
source = "registry+https://github.com/rust-lang/crates.io-index"
checksum = "6ed421c8a8ef78d3e2dbc98a973be2f3770cb42b606e3ab18d6237c4dfde68d9"
dependencies = [
 "displaydoc",
 "icu_locid",
 "icu_provider_macros",
 "stable_deref_trait",
 "tinystr",
 "writeable",
 "yoke",
 "zerofrom",
 "zerovec",
]

[[package]]
name = "icu_provider_macros"
version = "1.5.0"
source = "registry+https://github.com/rust-lang/crates.io-index"
checksum = "1ec89e9337638ecdc08744df490b221a7399bf8d164eb52a665454e60e075ad6"
dependencies = [
 "proc-macro2",
 "quote",
 "syn 2.0.60",
]

[[package]]
name = "idna"
version = "1.0.3"
source = "registry+https://github.com/rust-lang/crates.io-index"
checksum = "686f825264d630750a544639377bae737628043f20d38bbc029e8f29ea968a7e"
dependencies = [
 "idna_adapter",
 "smallvec",
 "utf8_iter",
]

[[package]]
name = "idna_adapter"
version = "1.2.0"
source = "registry+https://github.com/rust-lang/crates.io-index"
checksum = "daca1df1c957320b2cf139ac61e7bd64fed304c5040df000a745aa1de3b4ef71"
dependencies = [
 "icu_normalizer",
 "icu_properties",
]

[[package]]
name = "indenter"
version = "0.3.3"
source = "registry+https://github.com/rust-lang/crates.io-index"
checksum = "ce23b50ad8242c51a442f3ff322d56b02f08852c77e4c0b4d3fd684abc89c683"

[[package]]
name = "indexmap"
version = "1.9.3"
source = "registry+https://github.com/rust-lang/crates.io-index"
checksum = "bd070e393353796e801d209ad339e89596eb4c8d430d18ede6a1cced8fafbd99"
dependencies = [
 "autocfg",
 "hashbrown 0.12.3",
]

[[package]]
name = "indexmap"
version = "2.8.0"
source = "registry+https://github.com/rust-lang/crates.io-index"
checksum = "3954d50fe15b02142bf25d3b8bdadb634ec3948f103d04ffe3031bc8fe9d7058"
dependencies = [
 "equivalent",
 "hashbrown 0.15.2",
]

[[package]]
name = "inflate"
version = "0.4.5"
source = "registry+https://github.com/rust-lang/crates.io-index"
checksum = "1cdb29978cc5797bd8dcc8e5bf7de604891df2a8dc576973d71a281e916db2ff"
dependencies = [
 "adler32",
]

[[package]]
name = "interpolator"
version = "0.5.0"
source = "registry+https://github.com/rust-lang/crates.io-index"
checksum = "71dd52191aae121e8611f1e8dc3e324dd0dd1dee1e6dd91d10ee07a3cfb4d9d8"

[[package]]
name = "interval-tree"
version = "0.8.0"
source = "git+https://github.com/SpaceManiac/SpacemanDMM?rev=6c5a751516ae0e8add4b2aa4388a1e84e96e7082#6c5a751516ae0e8add4b2aa4388a1e84e96e7082"

[[package]]
name = "inventory"
version = "0.3.20"
source = "registry+https://github.com/rust-lang/crates.io-index"
checksum = "ab08d7cd2c5897f2c949e5383ea7c7db03fb19130ffcfbf7eda795137ae3cb83"
dependencies = [
 "rustversion",
]

[[package]]
name = "itertools"
version = "0.10.5"
source = "registry+https://github.com/rust-lang/crates.io-index"
checksum = "b0fd2260e829bddf4cb6ea802289de2f86d6a7a690192fbe91b3f46e0f2c8473"
dependencies = [
 "either",
]

[[package]]
name = "itoa"
version = "1.0.11"
source = "registry+https://github.com/rust-lang/crates.io-index"
checksum = "49f1f14873335454500d59611f1cf4a4b0f786f9ac11f4312a78e4cf2566695b"

[[package]]
name = "js-sys"
version = "0.3.76"
source = "registry+https://github.com/rust-lang/crates.io-index"
checksum = "6717b6b5b077764fb5966237269cb3c64edddde4b14ce42647430a78ced9e7b7"
dependencies = [
 "once_cell",
 "wasm-bindgen",
]

[[package]]
name = "lerp"
version = "0.4.0"
source = "registry+https://github.com/rust-lang/crates.io-index"
checksum = "b19ac50d419bff1a024a8eb8034bfbee6c1cf8fa3472502f6bd3def327b09e4c"
dependencies = [
 "num-traits",
]

[[package]]
name = "libc"
version = "0.2.154"
source = "registry+https://github.com/rust-lang/crates.io-index"
checksum = "ae743338b92ff9146ce83992f766a31066a91a8c84a45e0e9f21e7cf6de6d346"

[[package]]
name = "libloading"
version = "0.8.6"
source = "registry+https://github.com/rust-lang/crates.io-index"
checksum = "fc2f4eb4bc735547cfed7c0a4922cbd04a4655978c09b54f1f7b228750664c34"
dependencies = [
 "cfg-if",
 "windows-targets",
]

[[package]]
name = "litemap"
version = "0.7.5"
source = "registry+https://github.com/rust-lang/crates.io-index"
checksum = "23fb14cb19457329c82206317a5663005a4d404783dc74f4252769b0d5f42856"

[[package]]
name = "lock_api"
version = "0.4.12"
source = "registry+https://github.com/rust-lang/crates.io-index"
checksum = "07af8b9cdd281b7915f413fa73f29ebd5d55d0d3f0155584dade1ff18cea1b17"
dependencies = [
 "autocfg",
 "scopeguard",
]

[[package]]
name = "lodepng"
version = "3.10.7"
source = "registry+https://github.com/rust-lang/crates.io-index"
checksum = "7b2dea7cda68e381418c985fd8f32a9c279a21ae8c715f2376adb20c27a0fad3"
dependencies = [
 "crc32fast",
 "flate2",
 "libc",
 "rgb",
]

[[package]]
name = "log"
version = "0.4.21"
source = "registry+https://github.com/rust-lang/crates.io-index"
checksum = "90ed8c1e510134f979dbc4f070f87d4313098b704861a105fe34231c70a3901c"

[[package]]
name = "matrixmultiply"
version = "0.3.9"
source = "registry+https://github.com/rust-lang/crates.io-index"
checksum = "9380b911e3e96d10c1f415da0876389aaf1b56759054eeb0de7df940c456ba1a"
dependencies = [
 "autocfg",
 "rawpointer",
]

[[package]]
name = "memchr"
version = "2.7.2"
source = "registry+https://github.com/rust-lang/crates.io-index"
checksum = "6c8640c5d730cb13ebd907d8d04b52f55ac9a2eec55b440c8892f40d56c76c1d"

[[package]]
name = "minimal-lexical"
version = "0.2.1"
source = "registry+https://github.com/rust-lang/crates.io-index"
checksum = "68354c5c6bd36d73ff3feceb05efa59b6acb7626617f4962be322a825e61f79a"

[[package]]
name = "miniz_oxide"
version = "0.8.0"
source = "registry+https://github.com/rust-lang/crates.io-index"
checksum = "e2d80299ef12ff69b16a84bb182e3b9df68b5a91574d3d4fa6e41b65deec4df1"
dependencies = [
 "adler2",
 "simd-adler32",
]

[[package]]
name = "nanorand"
version = "0.7.0"
source = "registry+https://github.com/rust-lang/crates.io-index"
checksum = "6a51313c5820b0b02bd422f4b44776fbf47961755c74ce64afc73bfad10226c3"
dependencies = [
 "getrandom",
]

[[package]]
name = "ndarray"
version = "0.15.6"
source = "registry+https://github.com/rust-lang/crates.io-index"
checksum = "adb12d4e967ec485a5f71c6311fe28158e9d6f4bc4a447b474184d0f91a8fa32"
dependencies = [
 "matrixmultiply",
 "num-complex",
 "num-integer",
 "num-traits",
 "rawpointer",
]

[[package]]
name = "nom"
version = "7.1.3"
source = "registry+https://github.com/rust-lang/crates.io-index"
checksum = "d273983c5a657a70a3e8f2a01329822f3b8c8172b73826411a55751e404a0a4a"
dependencies = [
 "memchr",
 "minimal-lexical",
]

[[package]]
name = "num-complex"
version = "0.4.6"
source = "registry+https://github.com/rust-lang/crates.io-index"
checksum = "73f88a1307638156682bada9d7604135552957b7818057dcef22705b4d509495"
dependencies = [
 "num-traits",
]

[[package]]
name = "num-integer"
version = "0.1.46"
source = "registry+https://github.com/rust-lang/crates.io-index"
checksum = "7969661fd2958a5cb096e56c8e1ad0444ac2bbcd0061bd28660485a44879858f"
dependencies = [
 "num-traits",
]

[[package]]
name = "num-traits"
version = "0.2.19"
source = "registry+https://github.com/rust-lang/crates.io-index"
checksum = "071dfc062690e90b734c0b2273ce72ad0ffa95f0c74596bc250dcfd960262841"
dependencies = [
 "autocfg",
]

[[package]]
name = "num_enum"
version = "0.7.3"
source = "registry+https://github.com/rust-lang/crates.io-index"
checksum = "4e613fc340b2220f734a8595782c551f1250e969d87d3be1ae0579e8d4065179"
dependencies = [
 "num_enum_derive",
]

[[package]]
name = "num_enum_derive"
version = "0.7.3"
source = "registry+https://github.com/rust-lang/crates.io-index"
checksum = "af1844ef2428cc3e1cb900be36181049ef3d3193c63e43026cfe202983b27a56"
dependencies = [
 "proc-macro-crate",
 "proc-macro2",
 "quote",
 "syn 2.0.60",
]

[[package]]
name = "once_cell"
version = "1.19.0"
source = "registry+https://github.com/rust-lang/crates.io-index"
checksum = "3fdb12b2476b595f9358c5161aa467c2438859caa136dec86c26fdd2efe17b92"

[[package]]
name = "ordered-float"
version = "3.9.2"
source = "registry+https://github.com/rust-lang/crates.io-index"
checksum = "f1e1c390732d15f1d48471625cd92d154e66db2c56645e29a9cd26f4699f72dc"
dependencies = [
 "num-traits",
]

[[package]]
name = "percent-encoding"
version = "2.3.1"
source = "registry+https://github.com/rust-lang/crates.io-index"
checksum = "e3148f5046208a5d56bcfc03053e3ca6334e51da8dfb19b6cdc8b306fae3283e"

[[package]]
name = "phf"
version = "0.11.2"
source = "registry+https://github.com/rust-lang/crates.io-index"
checksum = "ade2d8b8f33c7333b51bcf0428d37e217e9f32192ae4772156f65063b8ce03dc"
dependencies = [
 "phf_macros",
 "phf_shared",
]

[[package]]
name = "phf_generator"
version = "0.11.2"
source = "registry+https://github.com/rust-lang/crates.io-index"
checksum = "48e4cc64c2ad9ebe670cb8fd69dd50ae301650392e81c05f9bfcb2d5bdbc24b0"
dependencies = [
 "phf_shared",
 "rand",
]

[[package]]
name = "phf_macros"
version = "0.11.2"
source = "registry+https://github.com/rust-lang/crates.io-index"
checksum = "3444646e286606587e49f3bcf1679b8cef1dc2c5ecc29ddacaffc305180d464b"
dependencies = [
 "phf_generator",
 "phf_shared",
 "proc-macro2",
 "quote",
 "syn 2.0.60",
]

[[package]]
name = "phf_shared"
version = "0.11.2"
source = "registry+https://github.com/rust-lang/crates.io-index"
checksum = "90fcb95eef784c2ac79119d1dd819e162b5da872ce6f3c3abe1e8ca1c082f72b"
dependencies = [
 "siphasher",
]

[[package]]
name = "pin-project"
version = "1.1.10"
source = "registry+https://github.com/rust-lang/crates.io-index"
checksum = "677f1add503faace112b9f1373e43e9e054bfdd22ff1a63c1bc485eaec6a6a8a"
dependencies = [
 "pin-project-internal",
]

[[package]]
name = "pin-project-internal"
version = "1.1.10"
source = "registry+https://github.com/rust-lang/crates.io-index"
checksum = "6e918e4ff8c4549eb882f14b3a4bc8c8bc93de829416eacf579f1207a8fbf861"
dependencies = [
 "proc-macro2",
 "quote",
 "syn 2.0.60",
]

[[package]]
name = "png"
version = "0.17.16"
source = "registry+https://github.com/rust-lang/crates.io-index"
checksum = "82151a2fc869e011c153adc57cf2789ccb8d9906ce52c0b39a6b5697749d7526"
dependencies = [
 "bitflags 1.3.2",
 "crc32fast",
 "fdeflate",
 "flate2",
 "miniz_oxide",
]

[[package]]
name = "ppv-lite86"
version = "0.2.17"
source = "registry+https://github.com/rust-lang/crates.io-index"
checksum = "5b40af805b3121feab8a3c29f04d8ad262fa8e0561883e7653e024ae4479e6de"

[[package]]
name = "prettyplease"
version = "0.2.19"
source = "registry+https://github.com/rust-lang/crates.io-index"
checksum = "5ac2cf0f2e4f42b49f5ffd07dae8d746508ef7526c13940e5f524012ae6c6550"
dependencies = [
 "proc-macro2",
 "syn 2.0.60",
]

[[package]]
name = "proc-macro-crate"
version = "3.1.0"
source = "registry+https://github.com/rust-lang/crates.io-index"
checksum = "6d37c51ca738a55da99dc0c4a34860fd675453b8b36209178c2249bb13651284"
dependencies = [
 "toml_edit 0.21.1",
]

[[package]]
name = "proc-macro-error"
version = "1.0.4"
source = "registry+https://github.com/rust-lang/crates.io-index"
checksum = "da25490ff9892aab3fcf7c36f08cfb902dd3e71ca0f9f9517bea02a73a5ce38c"
dependencies = [
 "proc-macro-error-attr",
 "proc-macro2",
 "quote",
 "syn 1.0.109",
 "version_check",
]

[[package]]
name = "proc-macro-error-attr"
version = "1.0.4"
source = "registry+https://github.com/rust-lang/crates.io-index"
checksum = "a1be40180e52ecc98ad80b184934baf3d0d29f979574e439af5a55274b35f869"
dependencies = [
 "proc-macro2",
 "quote",
 "version_check",
]

[[package]]
name = "proc-macro-utils"
version = "0.8.0"
source = "registry+https://github.com/rust-lang/crates.io-index"
checksum = "3f59e109e2f795a5070e69578c4dc101068139f74616778025ae1011d4cd41a8"
dependencies = [
 "proc-macro2",
 "quote",
 "smallvec",
]

[[package]]
name = "proc-macro2"
version = "1.0.81"
source = "registry+https://github.com/rust-lang/crates.io-index"
checksum = "3d1597b0c024618f09a9c3b8655b7e430397a36d23fdafec26d6965e9eec3eba"
dependencies = [
 "unicode-ident",
]

[[package]]
name = "quote"
version = "1.0.36"
source = "registry+https://github.com/rust-lang/crates.io-index"
checksum = "0fa76aaf39101c457836aec0ce2316dbdc3ab723cdda1c6bd4e6ad4208acaca7"
dependencies = [
 "proc-macro2",
]

[[package]]
name = "quote-use"
version = "0.7.2"
source = "registry+https://github.com/rust-lang/crates.io-index"
checksum = "a7b5abe3fe82fdeeb93f44d66a7b444dedf2e4827defb0a8e69c437b2de2ef94"
dependencies = [
 "quote",
 "quote-use-macros",
 "syn 2.0.60",
]

[[package]]
name = "quote-use-macros"
version = "0.7.2"
source = "registry+https://github.com/rust-lang/crates.io-index"
checksum = "97ea44c7e20f16017a76a245bb42188517e13d16dcb1aa18044bc406cdc3f4af"
dependencies = [
 "derive-where",
 "proc-macro2",
 "quote",
 "syn 2.0.60",
]

[[package]]
name = "rand"
version = "0.8.5"
source = "registry+https://github.com/rust-lang/crates.io-index"
checksum = "34af8d1a0e25924bc5b7c43c079c942339d8f0a8b57c39049bef581b46327404"
dependencies = [
 "libc",
 "rand_chacha",
 "rand_core",
]

[[package]]
name = "rand_chacha"
version = "0.3.1"
source = "registry+https://github.com/rust-lang/crates.io-index"
checksum = "e6c10a63a0fa32252be49d21e7709d4d4baf8d231c2dbce1eaa8141b9b127d88"
dependencies = [
 "ppv-lite86",
 "rand_core",
]

[[package]]
name = "rand_core"
version = "0.6.4"
source = "registry+https://github.com/rust-lang/crates.io-index"
checksum = "ec0be4795e2f6a28069bec0b5ff3e2ac9bafc99e6a9a7dc3547996c5c816922c"
dependencies = [
 "getrandom",
]

[[package]]
name = "rand_pcg"
version = "0.3.1"
source = "registry+https://github.com/rust-lang/crates.io-index"
checksum = "59cad018caf63deb318e5a4586d99a24424a364f40f1e5778c29aca23f4fc73e"
dependencies = [
 "rand_core",
]

[[package]]
name = "rand_seeder"
version = "0.2.3"
source = "registry+https://github.com/rust-lang/crates.io-index"
checksum = "cf2890aaef0aa82719a50e808de264f9484b74b442e1a3a0e5ee38243ac40bdb"
dependencies = [
 "rand_core",
]

[[package]]
name = "rawpointer"
version = "0.2.1"
source = "registry+https://github.com/rust-lang/crates.io-index"
checksum = "60a357793950651c4ed0f3f52338f53b2f809f32d83a07f72909fa13e4c6c1e3"

[[package]]
name = "rayon"
version = "1.10.0"
source = "registry+https://github.com/rust-lang/crates.io-index"
checksum = "b418a60154510ca1a002a752ca9714984e21e4241e804d32555251faf8b78ffa"
dependencies = [
 "either",
 "rayon-core",
]

[[package]]
name = "rayon-core"
version = "1.12.1"
source = "registry+https://github.com/rust-lang/crates.io-index"
checksum = "1465873a3dfdaa8ae7cb14b4383657caab0b3e8a0aa9ae8e04b044854c8dfce2"
dependencies = [
 "crossbeam-deque",
 "crossbeam-utils",
]

[[package]]
name = "redis"
version = "0.21.7"
source = "registry+https://github.com/rust-lang/crates.io-index"
checksum = "152f3863635cbb76b73bc247845781098302c6c9ad2060e1a9a7de56840346b6"
dependencies = [
 "async-trait",
 "combine",
 "itoa",
 "percent-encoding",
 "ryu",
 "sha1",
 "url",
]

[[package]]
name = "regex"
version = "1.10.6"
source = "registry+https://github.com/rust-lang/crates.io-index"
checksum = "4219d74c6b67a3654a9fbebc4b419e22126d13d2f3c4a07ee0cb61ff79a79619"
dependencies = [
 "aho-corasick",
 "memchr",
 "regex-automata",
 "regex-syntax",
]

[[package]]
name = "regex-automata"
version = "0.4.6"
source = "registry+https://github.com/rust-lang/crates.io-index"
checksum = "86b83b8b9847f9bf95ef68afb0b8e6cdb80f498442f5179a29fad448fcc1eaea"
dependencies = [
 "aho-corasick",
 "memchr",
 "regex-syntax",
]

[[package]]
name = "regex-syntax"
version = "0.8.3"
source = "registry+https://github.com/rust-lang/crates.io-index"
checksum = "adad44e29e4c806119491a7f06f03de4d1af22c3a680dd47f1e6e179439d1f56"

[[package]]
name = "rgb"
version = "0.8.50"
source = "registry+https://github.com/rust-lang/crates.io-index"
checksum = "57397d16646700483b67d2dd6511d79318f9d057fdbd21a4066aeac8b41d310a"
dependencies = [
 "bytemuck",
]

[[package]]
name = "rustc-hash"
version = "2.1.1"
source = "registry+https://github.com/rust-lang/crates.io-index"
checksum = "357703d41365b4b27c590e3ed91eabb1b663f07c4c084095e60cbed4362dff0d"

[[package]]
name = "rustlibs"
version = "2.0.0"
dependencies = [
 "atomic_float",
 "bitflags 2.5.0",
 "byondapi",
 "chrono",
 "dbpnoise",
 "diff",
 "dmm-tools",
 "dreammaker",
 "eyre",
 "flume",
 "fxhash",
 "itertools",
 "png",
 "rand",
 "redis",
 "regex",
 "scc",
 "serde",
 "serde_json",
 "thread-priority",
 "toml 0.8.20",
 "walkdir",
]

[[package]]
name = "rustversion"
version = "1.0.16"
source = "registry+https://github.com/rust-lang/crates.io-index"
checksum = "092474d1a01ea8278f69e6a358998405fae5b8b963ddaeb2b0b04a128bf1dfb0"

[[package]]
name = "ryu"
version = "1.0.18"
source = "registry+https://github.com/rust-lang/crates.io-index"
checksum = "f3cb5ba0dc43242ce17de99c180e96db90b235b8a9fdc9543c96d2209116bd9f"

[[package]]
name = "same-file"
version = "1.0.6"
source = "registry+https://github.com/rust-lang/crates.io-index"
checksum = "93fc1dc3aaa9bfed95e02e6eadabb4baf7e3078b0bd1b4d7b6b0b68378900502"
dependencies = [
 "winapi-util",
]

[[package]]
name = "scc"
version = "2.1.1"
source = "registry+https://github.com/rust-lang/crates.io-index"
checksum = "76ad2bbb0ae5100a07b7a6f2ed7ab5fd0045551a4c507989b7a620046ea3efdc"
dependencies = [
 "sdd",
]

[[package]]
name = "scopeguard"
version = "1.2.0"
source = "registry+https://github.com/rust-lang/crates.io-index"
checksum = "94143f37725109f92c262ed2cf5e59bce7498c01bcc1502d7b9afe439a4e9f49"

[[package]]
name = "sdd"
version = "0.2.0"
source = "registry+https://github.com/rust-lang/crates.io-index"
checksum = "b84345e4c9bd703274a082fb80caaa99b7612be48dfaa1dd9266577ec412309d"

[[package]]
name = "serde"
version = "1.0.210"
source = "registry+https://github.com/rust-lang/crates.io-index"
checksum = "c8e3592472072e6e22e0a54d5904d9febf8508f65fb8552499a1abc7d1078c3a"
dependencies = [
 "serde_derive",
]

[[package]]
name = "serde_derive"
version = "1.0.210"
source = "registry+https://github.com/rust-lang/crates.io-index"
checksum = "243902eda00fad750862fc144cea25caca5e20d615af0a81bee94ca738f1df1f"
dependencies = [
 "proc-macro2",
 "quote",
 "syn 2.0.60",
]

[[package]]
name = "serde_json"
version = "1.0.128"
source = "registry+https://github.com/rust-lang/crates.io-index"
checksum = "6ff5456707a1de34e7e37f2a6fd3d3f808c318259cbd01ab6377795054b483d8"
dependencies = [
 "itoa",
 "memchr",
 "ryu",
 "serde",
]

[[package]]
name = "serde_spanned"
version = "0.6.8"
source = "registry+https://github.com/rust-lang/crates.io-index"
checksum = "87607cb1398ed59d48732e575a4c28a7a8ebf2454b964fe3f224f2afc07909e1"
dependencies = [
 "serde",
]

[[package]]
name = "sha1"
version = "0.6.1"
source = "registry+https://github.com/rust-lang/crates.io-index"
checksum = "c1da05c97445caa12d05e848c4a4fcbbea29e748ac28f7e80e9b010392063770"
dependencies = [
 "sha1_smol",
]

[[package]]
name = "sha1_smol"
version = "1.0.1"
source = "registry+https://github.com/rust-lang/crates.io-index"
checksum = "bbfa15b3dddfee50a0fff136974b3e1bde555604ba463834a7eb7deb6417705d"

[[package]]
name = "shlex"
version = "1.3.0"
source = "registry+https://github.com/rust-lang/crates.io-index"
checksum = "0fda2ff0d084019ba4d7c6f371c95d8fd75ce3524c3cb8fb653a3023f6323e64"

[[package]]
name = "simd-adler32"
version = "0.3.7"
source = "registry+https://github.com/rust-lang/crates.io-index"
checksum = "d66dc143e6b11c1eddc06d5c423cfc97062865baf299914ab64caa38182078fe"

[[package]]
name = "siphasher"
version = "0.3.11"
source = "registry+https://github.com/rust-lang/crates.io-index"
checksum = "38b58827f4464d87d377d175e90bf58eb00fd8716ff0a62f80356b5e61555d0d"

[[package]]
name = "smallvec"
version = "1.13.2"
source = "registry+https://github.com/rust-lang/crates.io-index"
checksum = "3c5e1a9a646d36c3599cd173a41282daf47c44583ad367b8e6837255952e5c67"

[[package]]
name = "spin"
version = "0.9.8"
source = "registry+https://github.com/rust-lang/crates.io-index"
checksum = "6980e8d7511241f8acf4aebddbb1ff938df5eebe98691418c4468d0b72a96a67"
dependencies = [
 "lock_api",
]

[[package]]
name = "stable_deref_trait"
version = "1.2.0"
source = "registry+https://github.com/rust-lang/crates.io-index"
checksum = "a8f112729512f8e442d81f95a8a7ddf2b7c6b8a1a6f509a95864142b30cab2d3"

[[package]]
name = "syn"
version = "1.0.109"
source = "registry+https://github.com/rust-lang/crates.io-index"
checksum = "72b64191b275b66ffe2469e8af2c1cfe3bafa67b529ead792a6d0160888b4237"
dependencies = [
 "proc-macro2",
 "quote",
 "unicode-ident",
]

[[package]]
name = "syn"
version = "2.0.60"
source = "registry+https://github.com/rust-lang/crates.io-index"
checksum = "909518bc7b1c9b779f1bbf07f2929d35af9f0f37e47c6e9ef7f9dddc1e1821f3"
dependencies = [
 "proc-macro2",
 "quote",
 "unicode-ident",
]

[[package]]
name = "synstructure"
version = "0.13.1"
source = "registry+https://github.com/rust-lang/crates.io-index"
checksum = "c8af7666ab7b6390ab78131fb5b0fce11d6b7a6951602017c35fa82800708971"
dependencies = [
 "proc-macro2",
 "quote",
 "syn 2.0.60",
]

[[package]]
name = "termcolor"
version = "1.4.1"
source = "registry+https://github.com/rust-lang/crates.io-index"
checksum = "06794f8f6c5c898b3275aebefa6b8a1cb24cd2c6c79397ab15774837a0bc5755"
dependencies = [
 "winapi-util",
]

[[package]]
name = "thread-priority"
version = "1.1.0"
source = "registry+https://github.com/rust-lang/crates.io-index"
checksum = "0d3b04d33c9633b8662b167b847c7ab521f83d1ae20f2321b65b5b925e532e36"
dependencies = [
 "bitflags 2.5.0",
 "cfg-if",
 "libc",
 "log",
 "rustversion",
 "winapi",
]

[[package]]
name = "tinystr"
version = "0.7.6"
source = "registry+https://github.com/rust-lang/crates.io-index"
checksum = "9117f5d4db391c1cf6927e7bea3db74b9a1c1add8f7eda9ffd5364f40f57b82f"
dependencies = [
 "displaydoc",
 "zerovec",
]

[[package]]
name = "toml"
version = "0.5.11"
source = "registry+https://github.com/rust-lang/crates.io-index"
checksum = "f4f7f0dd8d50a853a531c426359045b1998f04219d88799810762cd4ad314234"
dependencies = [
 "serde",
]

[[package]]
name = "toml"
version = "0.8.20"
source = "registry+https://github.com/rust-lang/crates.io-index"
checksum = "cd87a5cdd6ffab733b2f74bc4fd7ee5fff6634124999ac278c35fc78c6120148"
dependencies = [
 "serde",
 "serde_spanned",
 "toml_datetime",
 "toml_edit 0.22.24",
]

[[package]]
name = "toml_datetime"
version = "0.6.8"
source = "registry+https://github.com/rust-lang/crates.io-index"
checksum = "0dd7358ecb8fc2f8d014bf86f6f638ce72ba252a2c3a2572f2a795f1d23efb41"
dependencies = [
 "serde",
]

[[package]]
name = "toml_edit"
version = "0.21.1"
source = "registry+https://github.com/rust-lang/crates.io-index"
checksum = "6a8534fd7f78b5405e860340ad6575217ce99f38d4d5c8f2442cb5ecb50090e1"
dependencies = [
 "indexmap 2.8.0",
 "toml_datetime",
 "winnow 0.5.40",
]

[[package]]
name = "toml_edit"
version = "0.22.24"
source = "registry+https://github.com/rust-lang/crates.io-index"
checksum = "17b4795ff5edd201c7cd6dca065ae59972ce77d1b80fa0a84d94950ece7d1474"
dependencies = [
 "indexmap 2.8.0",
 "serde",
 "serde_spanned",
 "toml_datetime",
 "winnow 0.7.4",
]

[[package]]
name = "unicode-ident"
version = "1.0.12"
source = "registry+https://github.com/rust-lang/crates.io-index"
checksum = "3354b9ac3fae1ff6755cb6db53683adb661634f67557942dea4facebec0fee4b"

[[package]]
name = "url"
version = "2.5.4"
source = "registry+https://github.com/rust-lang/crates.io-index"
checksum = "32f8b686cadd1473f4bd0117a5d28d36b1ade384ea9b5069a1c40aefed7fda60"
dependencies = [
 "form_urlencoded",
 "idna",
 "percent-encoding",
]

[[package]]
name = "utf16_iter"
version = "1.0.5"
source = "registry+https://github.com/rust-lang/crates.io-index"
checksum = "c8232dd3cdaed5356e0f716d285e4b40b932ac434100fe9b7e0e8e935b9e6246"

[[package]]
name = "utf8_iter"
version = "1.0.4"
source = "registry+https://github.com/rust-lang/crates.io-index"
checksum = "b6c140620e7ffbb22c2dee59cafe6084a59b5ffc27a8859a5f0d494b5d52b6be"

[[package]]
name = "version_check"
version = "0.9.5"
source = "registry+https://github.com/rust-lang/crates.io-index"
checksum = "0b928f33d975fc6ad9f86c8f283853ad26bdd5b10b7f1542aa2fa15e2289105a"

[[package]]
name = "walkdir"
version = "2.5.0"
source = "registry+https://github.com/rust-lang/crates.io-index"
checksum = "29790946404f91d9c5d06f9874efddea1dc06c5efe94541a7d6863108e3a5e4b"
dependencies = [
 "same-file",
 "winapi-util",
]

[[package]]
name = "wasi"
version = "0.11.0+wasi-snapshot-preview1"
source = "registry+https://github.com/rust-lang/crates.io-index"
checksum = "9c8d87e72b64a3b4db28d11ce29237c246188f4f51057d65a7eab63b7987e423"

[[package]]
name = "wasm-bindgen"
version = "0.2.99"
source = "registry+https://github.com/rust-lang/crates.io-index"
checksum = "a474f6281d1d70c17ae7aa6a613c87fce69a127e2624002df63dcb39d6cf6396"
dependencies = [
 "cfg-if",
 "once_cell",
 "wasm-bindgen-macro",
]

[[package]]
name = "wasm-bindgen-backend"
version = "0.2.99"
source = "registry+https://github.com/rust-lang/crates.io-index"
checksum = "5f89bb38646b4f81674e8f5c3fb81b562be1fd936d84320f3264486418519c79"
dependencies = [
 "bumpalo",
 "log",
 "proc-macro2",
 "quote",
 "syn 2.0.60",
 "wasm-bindgen-shared",
]

[[package]]
name = "wasm-bindgen-macro"
version = "0.2.99"
source = "registry+https://github.com/rust-lang/crates.io-index"
checksum = "2cc6181fd9a7492eef6fef1f33961e3695e4579b9872a6f7c83aee556666d4fe"
dependencies = [
 "quote",
 "wasm-bindgen-macro-support",
]

[[package]]
name = "wasm-bindgen-macro-support"
version = "0.2.99"
source = "registry+https://github.com/rust-lang/crates.io-index"
checksum = "30d7a95b763d3c45903ed6c81f156801839e5ee968bb07e534c44df0fcd330c2"
dependencies = [
 "proc-macro2",
 "quote",
 "syn 2.0.60",
 "wasm-bindgen-backend",
 "wasm-bindgen-shared",
]

[[package]]
name = "wasm-bindgen-shared"
version = "0.2.99"
source = "registry+https://github.com/rust-lang/crates.io-index"
checksum = "943aab3fdaaa029a6e0271b35ea10b72b943135afe9bffca82384098ad0e06a6"

[[package]]
name = "winapi"
version = "0.3.9"
source = "registry+https://github.com/rust-lang/crates.io-index"
checksum = "5c839a674fcd7a98952e593242ea400abe93992746761e38641405d28b00f419"
dependencies = [
 "winapi-i686-pc-windows-gnu",
 "winapi-x86_64-pc-windows-gnu",
]

[[package]]
name = "winapi-i686-pc-windows-gnu"
version = "0.4.0"
source = "registry+https://github.com/rust-lang/crates.io-index"
checksum = "ac3b87c63620426dd9b991e5ce0329eff545bccbbb34f3be09ff6fb6ab51b7b6"

[[package]]
name = "winapi-util"
version = "0.1.8"
source = "registry+https://github.com/rust-lang/crates.io-index"
checksum = "4d4cc384e1e73b93bafa6fb4f1df8c41695c8a91cf9c4c64358067d15a7b6c6b"
dependencies = [
 "windows-sys",
]

[[package]]
name = "winapi-x86_64-pc-windows-gnu"
version = "0.4.0"
source = "registry+https://github.com/rust-lang/crates.io-index"
checksum = "712e227841d057c1ee1cd2fb22fa7e5a5461ae8e48fa2ca79ec42cfc1931183f"

[[package]]
name = "windows-core"
version = "0.52.0"
source = "registry+https://github.com/rust-lang/crates.io-index"
checksum = "33ab640c8d7e35bf8ba19b884ba838ceb4fba93a4e8c65a9059d08afcfc683d9"
dependencies = [
 "windows-targets",
]

[[package]]
name = "windows-sys"
version = "0.52.0"
source = "registry+https://github.com/rust-lang/crates.io-index"
checksum = "282be5f36a8ce781fad8c8ae18fa3f9beff57ec1b52cb3de0789201425d9a33d"
dependencies = [
 "windows-targets",
]

[[package]]
name = "windows-targets"
version = "0.52.5"
source = "registry+https://github.com/rust-lang/crates.io-index"
checksum = "6f0713a46559409d202e70e28227288446bf7841d3211583a4b53e3f6d96e7eb"
dependencies = [
 "windows_aarch64_gnullvm",
 "windows_aarch64_msvc",
 "windows_i686_gnu",
 "windows_i686_gnullvm",
 "windows_i686_msvc",
 "windows_x86_64_gnu",
 "windows_x86_64_gnullvm",
 "windows_x86_64_msvc",
]

[[package]]
name = "windows_aarch64_gnullvm"
version = "0.52.5"
source = "registry+https://github.com/rust-lang/crates.io-index"
checksum = "7088eed71e8b8dda258ecc8bac5fb1153c5cffaf2578fc8ff5d61e23578d3263"

[[package]]
name = "windows_aarch64_msvc"
version = "0.52.5"
source = "registry+https://github.com/rust-lang/crates.io-index"
checksum = "9985fd1504e250c615ca5f281c3f7a6da76213ebd5ccc9561496568a2752afb6"

[[package]]
name = "windows_i686_gnu"
version = "0.52.5"
source = "registry+https://github.com/rust-lang/crates.io-index"
checksum = "88ba073cf16d5372720ec942a8ccbf61626074c6d4dd2e745299726ce8b89670"

[[package]]
name = "windows_i686_gnullvm"
version = "0.52.5"
source = "registry+https://github.com/rust-lang/crates.io-index"
checksum = "87f4261229030a858f36b459e748ae97545d6f1ec60e5e0d6a3d32e0dc232ee9"

[[package]]
name = "windows_i686_msvc"
version = "0.52.5"
source = "registry+https://github.com/rust-lang/crates.io-index"
checksum = "db3c2bf3d13d5b658be73463284eaf12830ac9a26a90c717b7f771dfe97487bf"

[[package]]
name = "windows_x86_64_gnu"
version = "0.52.5"
source = "registry+https://github.com/rust-lang/crates.io-index"
checksum = "4e4246f76bdeff09eb48875a0fd3e2af6aada79d409d33011886d3e1581517d9"

[[package]]
name = "windows_x86_64_gnullvm"
version = "0.52.5"
source = "registry+https://github.com/rust-lang/crates.io-index"
checksum = "852298e482cd67c356ddd9570386e2862b5673c85bd5f88df9ab6802b334c596"

[[package]]
name = "windows_x86_64_msvc"
version = "0.52.5"
source = "registry+https://github.com/rust-lang/crates.io-index"
checksum = "bec47e5bfd1bff0eeaf6d8b485cc1074891a197ab4225d504cb7a1ab88b02bf0"

[[package]]
name = "winnow"
version = "0.5.40"
source = "registry+https://github.com/rust-lang/crates.io-index"
checksum = "f593a95398737aeed53e489c785df13f3618e41dbcd6718c6addbf1395aa6876"
dependencies = [
 "memchr",
]

[[package]]
name = "winnow"
version = "0.7.4"
source = "registry+https://github.com/rust-lang/crates.io-index"
checksum = "0e97b544156e9bebe1a0ffbc03484fc1ffe3100cbce3ffb17eac35f7cdd7ab36"
dependencies = [
 "memchr",
]

[[package]]
name = "write16"
version = "1.0.0"
source = "registry+https://github.com/rust-lang/crates.io-index"
checksum = "d1890f4022759daae28ed4fe62859b1236caebfc61ede2f63ed4e695f3f6d936"

[[package]]
name = "writeable"
version = "0.5.5"
source = "registry+https://github.com/rust-lang/crates.io-index"
checksum = "1e9df38ee2d2c3c5948ea468a8406ff0db0b29ae1ffde1bcf20ef305bcc95c51"

[[package]]
name = "yoke"
version = "0.7.5"
source = "registry+https://github.com/rust-lang/crates.io-index"
checksum = "120e6aef9aa629e3d4f52dc8cc43a015c7724194c97dfaf45180d2daf2b77f40"
dependencies = [
 "serde",
 "stable_deref_trait",
 "yoke-derive",
 "zerofrom",
]

[[package]]
name = "yoke-derive"
version = "0.7.5"
source = "registry+https://github.com/rust-lang/crates.io-index"
checksum = "2380878cad4ac9aac1e2435f3eb4020e8374b5f13c296cb75b4620ff8e229154"
dependencies = [
 "proc-macro2",
 "quote",
 "syn 2.0.60",
 "synstructure",
]

[[package]]
name = "zerocopy"
version = "0.7.35"
source = "registry+https://github.com/rust-lang/crates.io-index"
checksum = "1b9b4fd18abc82b8136838da5d50bae7bdea537c574d8dc1a34ed098d6c166f0"
dependencies = [
 "zerocopy-derive",
]

[[package]]
name = "zerocopy-derive"
version = "0.7.35"
source = "registry+https://github.com/rust-lang/crates.io-index"
checksum = "fa4f8080344d4671fb4e831a13ad1e68092748387dfc4f55e356242fae12ce3e"
dependencies = [
 "proc-macro2",
 "quote",
 "syn 2.0.60",
]

[[package]]
name = "zerofrom"
version = "0.1.6"
source = "registry+https://github.com/rust-lang/crates.io-index"
checksum = "50cc42e0333e05660c3587f3bf9d0478688e15d870fab3346451ce7f8c9fbea5"
dependencies = [
 "zerofrom-derive",
]

[[package]]
name = "zerofrom-derive"
version = "0.1.6"
source = "registry+https://github.com/rust-lang/crates.io-index"
checksum = "d71e5d6e06ab090c67b5e44993ec16b72dcbaabc526db883a360057678b48502"
dependencies = [
 "proc-macro2",
 "quote",
 "syn 2.0.60",
 "synstructure",
]

[[package]]
name = "zerovec"
version = "0.10.4"
source = "registry+https://github.com/rust-lang/crates.io-index"
checksum = "aa2b893d79df23bfb12d5461018d408ea19dfafe76c2c7ef6d4eba614f8ff079"
dependencies = [
 "yoke",
 "zerofrom",
 "zerovec-derive",
]

[[package]]
name = "zerovec-derive"
version = "0.10.3"
source = "registry+https://github.com/rust-lang/crates.io-index"
checksum = "6eafa6dfb17584ea3e2bd6e76e0cc15ad7af12b09abdd1ca55961bed9b1063c6"
dependencies = [
 "proc-macro2",
 "quote",
 "syn 2.0.60",
]
